set_global_assignment -name FAMILY "Cyclone V"
set_global_assignment -name DEVICE 5CGXFC9E6F35C7
set_global_assignment -name TOP_LEVEL_ENTITY io_probe
set_global_assignment -name PROJECT_OUTPUT_DIRECTORY output_files
set_global_assignment -name SYSTEMVERILOG_FILE io_probe.sv
set_global_assignment -name SDC_FILE io_probe.sdc
set_global_assignment -name MIN_CORE_JUNCTION_TEMP 0
set_global_assignment -name MAX_CORE_JUNCTION_TEMP 85
set_global_assignment -name AUTO_DSP_RECOGNITION OFF
set_instance_assignment -name IO_STANDARD "2.5 V" -to clk
set_location_assignment PIN_AC18 -to clk
set_instance_assignment -name FAST_OUTPUT_REGISTER ON -to "q[*]"
set_instance_assignment -name IO_STANDARD "LVDS" -to "q[*]"
